
Microsoft Visual Studio Solution File, Format Version 12.00
# Visual Studio Version 17
VisualStudioVersion = 17.0.31903.59
MinimumVisualStudioVersion = 10.0.40219.1
Project("{FAE04EC0-301F-11D3-BF4B-00C04F79EFBC}") = "ClassesEditor.Shared", "ClassesEditor.Shared\ClassesEditor.Shared.csproj", "{723320CF-2B5E-03D7-753B-F4BC0317AC51}"
EndProject
Project("{FAE04EC0-301F-11D3-BF4B-00C04F79EFBC}") = "FileTypeEditor", "FileTypeEditor\FileTypeEditor.csproj", "{21BD453E-54AC-C629-4665-36319EEBD388}"
EndProject
Project("{FAE04EC0-301F-11D3-BF4B-00C04F79EFBC}") = "UriProtocolEditor", "UriProtocolEditor\UriProtocolEditor.csproj", "{079CA856-6D36-3BBD-652D-A68A41887AA5}"
EndProject
Global
	GlobalSection(SolutionConfigurationPlatforms) = preSolution
		Debug|Any CPU = Debug|Any CPU
		Release|Any CPU = Release|Any CPU
	EndGlobalSection
	GlobalSection(ProjectConfigurationPlatforms) = postSolution
		{723320CF-2B5E-03D7-753B-F4BC0317AC51}.Debug|Any CPU.ActiveCfg = Debug|Any CPU
		{723320CF-2B5E-03D7-753B-F4BC0317AC51}.Debug|Any CPU.Build.0 = Debug|Any CPU
		{723320CF-2B5E-03D7-753B-F4BC0317AC51}.Release|Any CPU.ActiveCfg = Release|Any CPU
		{723320CF-2B5E-03D7-753B-F4BC0317AC51}.Release|Any CPU.Build.0 = Release|Any CPU
		{21BD453E-54AC-C629-4665-36319EEBD388}.Debug|Any CPU.ActiveCfg = Debug|Any CPU
		{21BD453E-54AC-C629-4665-36319EEBD388}.Debug|Any CPU.Build.0 = Debug|Any CPU
		{21BD453E-54AC-C629-4665-36319EEBD388}.Release|Any CPU.ActiveCfg = Release|Any CPU
		{21BD453E-54AC-C629-4665-36319EEBD388}.Release|Any CPU.Build.0 = Release|Any CPU
		{079CA856-6D36-3BBD-652D-A68A41887AA5}.Debug|Any CPU.ActiveCfg = Debug|Any CPU
		{079CA856-6D36-3BBD-652D-A68A41887AA5}.Debug|Any CPU.Build.0 = Debug|Any CPU
		{079CA856-6D36-3BBD-652D-A68A41887AA5}.Release|Any CPU.ActiveCfg = Release|Any CPU
		{079CA856-6D36-3BBD-652D-A68A41887AA5}.Release|Any CPU.Build.0 = Release|Any CPU
	EndGlobalSection
	GlobalSection(SolutionProperties) = preSolution
		HideSolutionNode = FALSE
	EndGlobalSection
EndGlobal
